{
  "version": 4,
  "terraform_version": "1.7.5",
  "serial": 56,
  "lineage": "eb0ec47b-b8eb-75b1-6ebf-639c49df75eb",
  "outputs": {
    "vpc": {
      "value": {
        "s3_endpoint": [
          {
            "arn": "arn:aws:ec2:ap-northeast-2:182024812696:vpc-endpoint/vpce-096400843c661ac76",
            "auto_accept": null,
            "cidr_blocks": [
              "52.219.202.0/23",
              "52.219.144.0/22",
              "52.219.204.0/22",
              "3.5.144.0/23",
              "3.5.140.0/22",
              "52.219.148.0/23",
              "52.219.60.0/23",
              "3.5.184.0/21",
              "52.219.56.0/22"
            ],
            "dns_entry": [],
            "dns_options": [],
            "id": "vpce-096400843c661ac76",
            "ip_address_type": "",
            "network_interface_ids": [],
            "owner_id": "182024812696",
            "policy": "{\"Statement\":[{\"Action\":\"*\",\"Effect\":\"Allow\",\"Principal\":\"*\",\"Resource\":\"*\"}],\"Version\":\"2008-10-17\"}",
            "prefix_list_id": "pl-78a54011",
            "private_dns_enabled": false,
            "requester_managed": false,
            "route_table_ids": [
              "rtb-047e83039ec8492af"
            ],
            "security_group_ids": [],
            "service_name": "com.amazonaws.ap-northeast-2.s3",
            "state": "available",
            "subnet_ids": [],
            "tags": {
              "Name": "cp-endpoint-s3"
            },
            "tags_all": {
              "Name": "cp-endpoint-s3"
            },
            "timeouts": null,
            "vpc_endpoint_type": "Gateway",
            "vpc_id": "vpc-07ece8a72ca7e1e71"
          }
        ],
        "vpc": {
          "db_subnets": {
            "ap-northeast-2a": "subnet-0d3f1839a0465810a",
            "ap-northeast-2b": "subnet-0741165f54af9c7ea"
          },
          "nat_eip_id": "eipalloc-013331579b20c9223",
          "nat_eip_ip": "52.78.26.100",
          "nat_id": "nat-0e4a5f5f8b97e2e86",
          "regions": [
            "ap-northeast-2a",
            "ap-northeast-2b"
          ],
          "vpc_id": "vpc-07ece8a72ca7e1e71",
          "was_subnets": {
            "ap-northeast-2a": "subnet-04c51b0fc756e980c",
            "ap-northeast-2b": "subnet-0b2dbd6951a96e739"
          },
          "webserver_subnets": {
            "ap-northeast-2a": "subnet-0f6c051e0d8cf0966",
            "ap-northeast-2b": "subnet-021fd46b663cdf178"
          }
        }
      },
      "type": [
        "object",
        {
          "s3_endpoint": [
            "tuple",
            [
              [
                "object",
                {
                  "arn": "string",
                  "auto_accept": "bool",
                  "cidr_blocks": [
                    "list",
                    "string"
                  ],
                  "dns_entry": [
                    "list",
                    [
                      "object",
                      {
                        "dns_name": "string",
                        "hosted_zone_id": "string"
                      }
                    ]
                  ],
                  "dns_options": [
                    "list",
                    [
                      "object",
                      {
                        "dns_record_ip_type": "string",
                        "private_dns_only_for_inbound_resolver_endpoint": "bool"
                      }
                    ]
                  ],
                  "id": "string",
                  "ip_address_type": "string",
                  "network_interface_ids": [
                    "set",
                    "string"
                  ],
                  "owner_id": "string",
                  "policy": "string",
                  "prefix_list_id": "string",
                  "private_dns_enabled": "bool",
                  "requester_managed": "bool",
                  "route_table_ids": [
                    "set",
                    "string"
                  ],
                  "security_group_ids": [
                    "set",
                    "string"
                  ],
                  "service_name": "string",
                  "state": "string",
                  "subnet_ids": [
                    "set",
                    "string"
                  ],
                  "tags": [
                    "map",
                    "string"
                  ],
                  "tags_all": [
                    "map",
                    "string"
                  ],
                  "timeouts": [
                    "object",
                    {
                      "create": "string",
                      "delete": "string",
                      "update": "string"
                    }
                  ],
                  "vpc_endpoint_type": "string",
                  "vpc_id": "string"
                }
              ]
            ]
          ],
          "vpc": [
            "object",
            {
              "db_subnets": [
                "object",
                {
                  "ap-northeast-2a": "string",
                  "ap-northeast-2b": "string"
                }
              ],
              "nat_eip_id": "string",
              "nat_eip_ip": "string",
              "nat_id": "string",
              "regions": [
                "tuple",
                [
                  "string",
                  "string"
                ]
              ],
              "vpc_id": "string",
              "was_subnets": [
                "object",
                {
                  "ap-northeast-2a": "string",
                  "ap-northeast-2b": "string"
                }
              ],
              "webserver_subnets": [
                "object",
                {
                  "ap-northeast-2a": "string",
                  "ap-northeast-2b": "string"
                }
              ]
            }
          ]
        }
      ]
    }
  },
  "resources": [
    {
      "mode": "data",
      "type": "aws_iam_policy",
      "name": "ecs_codedeploy",
      "provider": "provider[\"registry.terraform.io/hashicorp/aws\"]",
      "instances": [
        {
          "schema_version": 0,
          "attributes": {
            "arn": "arn:aws:iam::aws:policy/service-role/AWSCodeDeployRole",
            "description": "Provides CodeDeploy service access to expand tags and interact with Auto Scaling on your behalf.",
            "id": "arn:aws:iam::aws:policy/service-role/AWSCodeDeployRole",
            "name": "AWSCodeDeployRole",
            "path": "/service-role/",
            "path_prefix": null,
            "policy": "{\n\t\"Version\": \"2012-10-17\",\n\t\"Statement\": [\n\t\t{\n\t\t\t\"Effect\": \"Allow\",\n\t\t\t\"Action\": [\n\t\t\t\t\"autoscaling:CompleteLifecycleAction\",\n\t\t\t\t\"autoscaling:DeleteLifecycleHook\",\n\t\t\t\t\"autoscaling:DescribeAutoScalingGroups\",\n\t\t\t\t\"autoscaling:DescribeLifecycleHooks\",\n\t\t\t\t\"autoscaling:PutLifecycleHook\",\n\t\t\t\t\"autoscaling:RecordLifecycleActionHeartbeat\",\n\t\t\t\t\"autoscaling:CreateAutoScalingGroup\",\n\t\t\t\t\"autoscaling:CreateOrUpdateTags\",\n\t\t\t\t\"autoscaling:UpdateAutoScalingGroup\",\n\t\t\t\t\"autoscaling:EnableMetricsCollection\",\n\t\t\t\t\"autoscaling:DescribePolicies\",\n\t\t\t\t\"autoscaling:DescribeScheduledActions\",\n\t\t\t\t\"autoscaling:DescribeNotificationConfigurations\",\n\t\t\t\t\"autoscaling:SuspendProcesses\",\n\t\t\t\t\"autoscaling:ResumeProcesses\",\n\t\t\t\t\"autoscaling:AttachLoadBalancers\",\n\t\t\t\t\"autoscaling:AttachLoadBalancerTargetGroups\",\n\t\t\t\t\"autoscaling:PutScalingPolicy\",\n\t\t\t\t\"autoscaling:PutScheduledUpdateGroupAction\",\n\t\t\t\t\"autoscaling:PutNotificationConfiguration\",\n\t\t\t\t\"autoscaling:PutWarmPool\",\n\t\t\t\t\"autoscaling:DescribeScalingActivities\",\n\t\t\t\t\"autoscaling:DeleteAutoScalingGroup\",\n\t\t\t\t\"ec2:DescribeInstances\",\n\t\t\t\t\"ec2:DescribeInstanceStatus\",\n\t\t\t\t\"ec2:TerminateInstances\",\n\t\t\t\t\"tag:GetResources\",\n\t\t\t\t\"sns:Publish\",\n\t\t\t\t\"cloudwatch:DescribeAlarms\",\n\t\t\t\t\"cloudwatch:PutMetricAlarm\",\n\t\t\t\t\"elasticloadbalancing:DescribeLoadBalancerAttributes\",\n\t\t\t\t\"elasticloadbalancing:DescribeTargetGroupAttributes\",\n\t\t\t\t\"elasticloadbalancing:DescribeLoadBalancers\",\n\t\t\t\t\"elasticloadbalancing:DescribeInstanceHealth\",\n\t\t\t\t\"elasticloadbalancing:RegisterInstancesWithLoadBalancer\",\n\t\t\t\t\"elasticloadbalancing:DeregisterInstancesFromLoadBalancer\",\n\t\t\t\t\"elasticloadbalancing:DescribeTargetGroups\",\n\t\t\t\t\"elasticloadbalancing:DescribeTargetHealth\",\n\t\t\t\t\"elasticloadbalancing:RegisterTargets\",\n\t\t\t\t\"elasticloadbalancing:DeregisterTargets\"\n\t\t\t],\n\t\t\t\"Resource\": \"*\"\n\t\t}\n\t]\n}",
            "policy_id": "ANPAJ2NKMKD73QS5NBFLA",
            "tags": {}
          },
          "sensitive_attributes": []
        }
      ]
    },
    {
      "mode": "data",
      "type": "aws_iam_policy",
      "name": "ecs_task_execution",
      "provider": "provider[\"registry.terraform.io/hashicorp/aws\"]",
      "instances": [
        {
          "index_key": "AWSCodeDeployFullAccess",
          "schema_version": 0,
          "attributes": {
            "arn": "arn:aws:iam::aws:policy/AWSCodeDeployFullAccess",
            "description": "Provides full access to CodeDeploy resources.",
            "id": "arn:aws:iam::aws:policy/AWSCodeDeployFullAccess",
            "name": "AWSCodeDeployFullAccess",
            "path": "/",
            "path_prefix": null,
            "policy": "{\n  \"Version\": \"2012-10-17\",\n  \"Statement\": [\n    {\n      \"Action\": \"codedeploy:*\",\n      \"Effect\": \"Allow\",\n      \"Resource\": \"*\"\n    },\n    {\n        \"Sid\": \"CodeStarNotificationsReadWriteAccess\",\n        \"Effect\": \"Allow\",\n        \"Action\": [\n            \"codestar-notifications:CreateNotificationRule\",\n            \"codestar-notifications:DescribeNotificationRule\",\n            \"codestar-notifications:UpdateNotificationRule\",\n            \"codestar-notifications:DeleteNotificationRule\",\n            \"codestar-notifications:Subscribe\",\n            \"codestar-notifications:Unsubscribe\"\n        ],\n        \"Resource\": \"*\",\n        \"Condition\" : {\n            \"StringLike\" : {\"codestar-notifications:NotificationsForResource\" : \"arn:aws:codedeploy:*\"} \n        }\n    },    \n    {\n        \"Sid\": \"CodeStarNotificationsListAccess\",\n        \"Effect\": \"Allow\",\n        \"Action\": [\n            \"codestar-notifications:ListNotificationRules\",\n            \"codestar-notifications:ListTargets\",\n            \"codestar-notifications:ListTagsforResource\",\n            \"codestar-notifications:ListEventTypes\"\n        ],\n        \"Resource\": \"*\"\n    },\n    {\n        \"Sid\": \"CodeStarNotificationsSNSTopicCreateAccess\",\n        \"Effect\": \"Allow\",\n        \"Action\": [\n            \"sns:CreateTopic\",\n            \"sns:SetTopicAttributes\"\n        ],\n        \"Resource\": \"arn:aws:sns:*:*:codestar-notifications*\"\n    },\n    {\n       \"Sid\":\"CodeStarNotificationsChatbotAccess\",\n       \"Effect\":\"Allow\",\n       \"Action\":[\n          \"chatbot:DescribeSlackChannelConfigurations\"\n       ],\n       \"Resource\":\"*\"\n    },\n    {\n        \"Sid\": \"SNSTopicListAccess\",\n        \"Effect\": \"Allow\",\n        \"Action\": [\n            \"sns:ListTopics\"\n        ],\n        \"Resource\": \"*\"\n    }\n  ]\n}",
            "policy_id": "ANPAIONKN3TJZUKXCHXWC",
            "tags": {}
          },
          "sensitive_attributes": []
        },
        {
          "index_key": "AWSCodeDeployRoleForECS",
          "schema_version": 0,
          "attributes": {
            "arn": "arn:aws:iam::aws:policy/AWSCodeDeployRoleForECS",
            "description": "Provides CodeDeploy service wide access to perform an ECS blue/green deployment on your behalf. Grants full access to support services, such as  full access to read all S3 objects, invoke all Lambda functions, publish to all SNS topics within the account and update all ECS services.",
            "id": "arn:aws:iam::aws:policy/AWSCodeDeployRoleForECS",
            "name": "AWSCodeDeployRoleForECS",
            "path": "/",
            "path_prefix": null,
            "policy": "{\n    \"Version\": \"2012-10-17\",\n    \"Statement\": [\n        {\n            \"Action\": [\n                \"ecs:DescribeServices\",\n                \"ecs:CreateTaskSet\",\n                \"ecs:UpdateServicePrimaryTaskSet\",\n                \"ecs:DeleteTaskSet\",\n                \"elasticloadbalancing:DescribeTargetGroups\",\n                \"elasticloadbalancing:DescribeListeners\",\n                \"elasticloadbalancing:ModifyListener\",\n                \"elasticloadbalancing:DescribeRules\",\n                \"elasticloadbalancing:ModifyRule\",\n                \"lambda:InvokeFunction\",\n                \"cloudwatch:DescribeAlarms\",\n                \"sns:Publish\",\n                \"s3:GetObject\",\n                \"s3:GetObjectVersion\"\n            ],\n            \"Resource\": \"*\",\n            \"Effect\": \"Allow\"\n        },\n        {\n            \"Action\": [\n                \"iam:PassRole\"\n            ],\n            \"Effect\": \"Allow\",\n            \"Resource\": \"*\",\n            \"Condition\": {\n                \"StringLike\": {\n                    \"iam:PassedToService\": [\n                        \"ecs-tasks.amazonaws.com\"\n                    ]\n                }\n            }\n        }\n    ]\n}",
            "policy_id": "ANPAIIL3KXEKRGEN2HFIO",
            "tags": {}
          },
          "sensitive_attributes": []
        },
        {
          "index_key": "AmazonECSTaskExecutionRolePolicy",
          "schema_version": 0,
          "attributes": {
            "arn": "arn:aws:iam::aws:policy/service-role/AmazonECSTaskExecutionRolePolicy",
            "description": "Provides access to other AWS service resources that are required to run Amazon ECS tasks",
            "id": "arn:aws:iam::aws:policy/service-role/AmazonECSTaskExecutionRolePolicy",
            "name": "AmazonECSTaskExecutionRolePolicy",
            "path": "/service-role/",
            "path_prefix": null,
            "policy": "{\n  \"Version\": \"2012-10-17\",\n  \"Statement\": [\n    {\n      \"Effect\": \"Allow\",\n      \"Action\": [\n        \"ecr:GetAuthorizationToken\",\n        \"ecr:BatchCheckLayerAvailability\",\n        \"ecr:GetDownloadUrlForLayer\",\n        \"ecr:BatchGetImage\",\n        \"logs:CreateLogStream\",\n        \"logs:PutLogEvents\"\n      ],\n      \"Resource\": \"*\"\n    }\n  ]\n}",
            "policy_id": "ANPAJG4T4G4PV56DE72PY",
            "tags": {}
          },
          "sensitive_attributes": []
        }
      ]
    },
    {
      "mode": "managed",
      "type": "aws_codedeploy_app",
      "name": "code-deploy-app",
      "provider": "provider[\"registry.terraform.io/hashicorp/aws\"]",
      "instances": [
        {
          "schema_version": 0,
          "attributes": {
            "application_id": "5e0c21a6-0dd7-48ee-a9f2-b800f0f8eb54",
            "arn": "arn:aws:codedeploy:ap-northeast-2:182024812696:application:ecs-codedeploy",
            "compute_platform": "ECS",
            "github_account_name": "",
            "id": "5e0c21a6-0dd7-48ee-a9f2-b800f0f8eb54:ecs-codedeploy",
            "linked_to_github": false,
            "name": "ecs-codedeploy",
            "tags": null,
            "tags_all": {}
          },
          "sensitive_attributes": [],
          "private": "bnVsbA=="
        }
      ]
    },
    {
      "mode": "managed",
      "type": "aws_ecr_repository",
      "name": "ecr_repository",
      "provider": "provider[\"registry.terraform.io/hashicorp/aws\"]",
      "instances": [
        {
          "schema_version": 0,
          "attributes": {
            "arn": "arn:aws:ecr:ap-northeast-2:182024812696:repository/ecr_repository",
            "encryption_configuration": [
              {
                "encryption_type": "AES256",
                "kms_key": ""
              }
            ],
            "force_delete": null,
            "id": "ecr_repository",
            "image_scanning_configuration": [
              {
                "scan_on_push": false
              }
            ],
            "image_tag_mutability": "MUTABLE",
            "name": "ecr_repository",
            "registry_id": "182024812696",
            "repository_url": "182024812696.dkr.ecr.ap-northeast-2.amazonaws.com/ecr_repository",
            "tags": {
              "Name": "ecr_repository"
            },
            "tags_all": {
              "Name": "ecr_repository"
            },
            "timeouts": null
          },
          "sensitive_attributes": [],
          "private": "eyJlMmJmYjczMC1lY2FhLTExZTYtOGY4OC0zNDM2M2JjN2M0YzAiOnsiZGVsZXRlIjoxMjAwMDAwMDAwMDAwfX0="
        }
      ]
    },
    {
      "mode": "managed",
      "type": "aws_ecs_cluster",
      "name": "ecs_cluster",
      "provider": "provider[\"registry.terraform.io/hashicorp/aws\"]",
      "instances": [
        {
          "schema_version": 0,
          "attributes": {
            "arn": "arn:aws:ecs:ap-northeast-2:182024812696:cluster/ecs_cluster",
            "configuration": [],
            "id": "arn:aws:ecs:ap-northeast-2:182024812696:cluster/ecs_cluster",
            "name": "ecs_cluster",
            "service_connect_defaults": [],
            "setting": [
              {
                "name": "containerInsights",
                "value": "disabled"
              }
            ],
            "tags": {},
            "tags_all": {}
          },
          "sensitive_attributes": [],
          "private": "bnVsbA==",
          "create_before_destroy": true
        }
      ]
    },
    {
      "mode": "managed",
      "type": "aws_ecs_cluster_capacity_providers",
      "name": "ecs_cluster_capacity",
      "provider": "provider[\"registry.terraform.io/hashicorp/aws\"]",
      "instances": [
        {
          "schema_version": 0,
          "attributes": {
            "capacity_providers": [
              "FARGATE"
            ],
            "cluster_name": "ecs_cluster",
            "default_capacity_provider_strategy": [
              {
                "base": 1,
                "capacity_provider": "FARGATE",
                "weight": 100
              }
            ],
            "id": "ecs_cluster"
          },
          "sensitive_attributes": [],
          "private": "bnVsbA==",
          "dependencies": [
            "aws_ecs_cluster.ecs_cluster"
          ]
        }
      ]
    },
    {
      "mode": "managed",
      "type": "aws_iam_policy",
      "name": "ecs_code_deploy_list",
      "provider": "provider[\"registry.terraform.io/hashicorp/aws\"]",
      "instances": [
        {
          "schema_version": 0,
          "attributes": {
            "arn": "arn:aws:iam::182024812696:policy/ecs_code_deploy_list",
            "description": "",
            "id": "arn:aws:iam::182024812696:policy/ecs_code_deploy_list",
            "name": "ecs_code_deploy_list",
            "name_prefix": "",
            "path": "/",
            "policy": "{\"Statement\":[{\"Action\":[\"ecs:Describe*\"],\"Effect\":\"Allow\",\"Resource\":[\"*\"]}],\"Version\":\"2012-10-17\"}",
            "policy_id": "ANPASUYMGHCMCTU2JHZF2",
            "tags": null,
            "tags_all": {}
          },
          "sensitive_attributes": [],
          "private": "bnVsbA=="
        }
      ]
    },
    {
      "mode": "managed",
      "type": "aws_iam_role",
      "name": "ecs_code_deploy",
      "provider": "provider[\"registry.terraform.io/hashicorp/aws\"]",
      "instances": [
        {
          "schema_version": 0,
          "attributes": {
            "arn": "arn:aws:iam::182024812696:role/ecs-codedeploy-role",
            "assume_role_policy": "{\"Statement\":[{\"Action\":\"sts:AssumeRole\",\"Effect\":\"Allow\",\"Principal\":{\"Service\":\"codedeploy.amazonaws.com\"},\"Sid\":\"\"},{\"Action\":\"sts:AssumeRole\",\"Effect\":\"Allow\",\"Principal\":{\"Service\":\"ecs-tasks.amazonaws.com\"},\"Sid\":\"\"}],\"Version\":\"2012-10-17\"}",
            "create_date": "2024-04-07T04:54:45Z",
            "description": "",
            "force_detach_policies": false,
            "id": "ecs-codedeploy-role",
            "inline_policy": [],
            "managed_policy_arns": [],
            "max_session_duration": 3600,
            "name": "ecs-codedeploy-role",
            "name_prefix": "",
            "path": "/",
            "permissions_boundary": "",
            "tags": null,
            "tags_all": {},
            "unique_id": "AROASUYMGHCMH46W2RP3M"
          },
          "sensitive_attributes": [],
          "private": "bnVsbA=="
        }
      ]
    },
    {
      "mode": "managed",
      "type": "aws_iam_role",
      "name": "ecs_task_role",
      "provider": "provider[\"registry.terraform.io/hashicorp/aws\"]",
      "instances": [
        {
          "schema_version": 0,
          "attributes": {
            "arn": "arn:aws:iam::182024812696:role/ecs-execution-role",
            "assume_role_policy": "{\"Statement\":[{\"Action\":\"sts:AssumeRole\",\"Effect\":\"Allow\",\"Principal\":{\"Service\":\"ecs-tasks.amazonaws.com\"}}],\"Version\":\"2012-10-17\"}",
            "create_date": "2024-04-07T04:19:29Z",
            "description": "",
            "force_detach_policies": false,
            "id": "ecs-execution-role",
            "inline_policy": [],
            "managed_policy_arns": [
              "arn:aws:iam::aws:policy/AWSCodeDeployFullAccess",
              "arn:aws:iam::aws:policy/AWSCodeDeployRoleForECS",
              "arn:aws:iam::aws:policy/service-role/AmazonECSTaskExecutionRolePolicy"
            ],
            "max_session_duration": 3600,
            "name": "ecs-execution-role",
            "name_prefix": "",
            "path": "/",
            "permissions_boundary": "",
            "tags": {},
            "tags_all": {},
            "unique_id": "AROASUYMGHCMAX246INLU"
          },
          "sensitive_attributes": [],
          "private": "bnVsbA==",
          "create_before_destroy": true
        }
      ]
    },
    {
      "mode": "managed",
      "type": "aws_iam_role_policy_attachment",
      "name": "ecs_codedeploy_policy_attach_1",
      "provider": "provider[\"registry.terraform.io/hashicorp/aws\"]",
      "instances": [
        {
          "schema_version": 0,
          "attributes": {
            "id": "ecs-codedeploy-role-20240407045447026800000001",
            "policy_arn": "arn:aws:iam::aws:policy/service-role/AWSCodeDeployRole",
            "role": "ecs-codedeploy-role"
          },
          "sensitive_attributes": [],
          "private": "bnVsbA==",
          "dependencies": [
            "aws_iam_role.ecs_code_deploy",
            "data.aws_iam_policy.ecs_codedeploy"
          ]
        }
      ]
    },
    {
      "mode": "managed",
      "type": "aws_iam_role_policy_attachment",
      "name": "ecs_codedeploy_policy_attach_2",
      "provider": "provider[\"registry.terraform.io/hashicorp/aws\"]",
      "instances": [
        {
          "schema_version": 0,
          "attributes": {
            "id": "ecs-codedeploy-role-20240407045447048400000002",
            "policy_arn": "arn:aws:iam::182024812696:policy/ecs_code_deploy_list",
            "role": "ecs-codedeploy-role"
          },
          "sensitive_attributes": [],
          "private": "bnVsbA==",
          "dependencies": [
            "aws_iam_policy.ecs_code_deploy_list",
            "aws_iam_role.ecs_code_deploy"
          ]
        }
      ]
    },
    {
      "mode": "managed",
      "type": "aws_iam_role_policy_attachment",
      "name": "ecs_task_policy_attach",
      "provider": "provider[\"registry.terraform.io/hashicorp/aws\"]",
      "instances": [
        {
          "index_key": "AWSCodeDeployFullAccess",
          "schema_version": 0,
          "attributes": {
            "id": "ecs-execution-role-20240407041931220500000002",
            "policy_arn": "arn:aws:iam::aws:policy/AWSCodeDeployFullAccess",
            "role": "ecs-execution-role"
          },
          "sensitive_attributes": [],
          "private": "bnVsbA==",
          "dependencies": [
            "aws_iam_role.ecs_task_role",
            "data.aws_iam_policy.ecs_task_execution"
          ]
        },
        {
          "index_key": "AWSCodeDeployRoleForECS",
          "schema_version": 0,
          "attributes": {
            "id": "ecs-execution-role-20240407041930956500000001",
            "policy_arn": "arn:aws:iam::aws:policy/AWSCodeDeployRoleForECS",
            "role": "ecs-execution-role"
          },
          "sensitive_attributes": [],
          "private": "bnVsbA==",
          "dependencies": [
            "aws_iam_role.ecs_task_role",
            "data.aws_iam_policy.ecs_task_execution"
          ]
        },
        {
          "index_key": "AmazonECSTaskExecutionRolePolicy",
          "schema_version": 0,
          "attributes": {
            "id": "ecs-execution-role-20240407041931457300000003",
            "policy_arn": "arn:aws:iam::aws:policy/service-role/AmazonECSTaskExecutionRolePolicy",
            "role": "ecs-execution-role"
          },
          "sensitive_attributes": [],
          "private": "bnVsbA==",
          "dependencies": [
            "aws_iam_role.ecs_task_role",
            "data.aws_iam_policy.ecs_task_execution"
          ]
        }
      ]
    },
    {
      "mode": "managed",
      "type": "aws_lb",
      "name": "ecs_alb",
      "provider": "provider[\"registry.terraform.io/hashicorp/aws\"]",
      "instances": [
        {
          "schema_version": 0,
          "attributes": {
            "access_logs": [
              {
                "bucket": "",
                "enabled": false,
                "prefix": ""
              }
            ],
            "arn": "arn:aws:elasticloadbalancing:ap-northeast-2:182024812696:loadbalancer/app/ecs-alb/2ebf15d174d84629",
            "arn_suffix": "app/ecs-alb/2ebf15d174d84629",
            "connection_logs": [
              {
                "bucket": "",
                "enabled": false,
                "prefix": ""
              }
            ],
            "customer_owned_ipv4_pool": "",
            "desync_mitigation_mode": "defensive",
            "dns_name": "ecs-alb-168940163.ap-northeast-2.elb.amazonaws.com",
            "dns_record_client_routing_policy": null,
            "drop_invalid_header_fields": false,
            "enable_cross_zone_load_balancing": true,
            "enable_deletion_protection": false,
            "enable_http2": true,
            "enable_tls_version_and_cipher_suite_headers": false,
            "enable_waf_fail_open": false,
            "enable_xff_client_port": false,
            "enforce_security_group_inbound_rules_on_private_link_traffic": "",
            "id": "arn:aws:elasticloadbalancing:ap-northeast-2:182024812696:loadbalancer/app/ecs-alb/2ebf15d174d84629",
            "idle_timeout": 60,
            "internal": false,
            "ip_address_type": "ipv4",
            "load_balancer_type": "application",
            "name": "ecs-alb",
            "name_prefix": "",
            "preserve_host_header": false,
            "security_groups": [
              "sg-051734ab42af544e6"
            ],
            "subnet_mapping": [
              {
                "allocation_id": "",
                "ipv6_address": "",
                "outpost_id": "",
                "private_ipv4_address": "",
                "subnet_id": "subnet-021fd46b663cdf178"
              },
              {
                "allocation_id": "",
                "ipv6_address": "",
                "outpost_id": "",
                "private_ipv4_address": "",
                "subnet_id": "subnet-0f6c051e0d8cf0966"
              }
            ],
            "subnets": [
              "subnet-021fd46b663cdf178",
              "subnet-0f6c051e0d8cf0966"
            ],
            "tags": {
              "Name": "ecs_alb"
            },
            "tags_all": {
              "Name": "ecs_alb"
            },
            "timeouts": null,
            "vpc_id": "vpc-07ece8a72ca7e1e71",
            "xff_header_processing_mode": "append",
            "zone_id": "ZWKZPGTI48KDX"
          },
          "sensitive_attributes": [],
          "private": "eyJlMmJmYjczMC1lY2FhLTExZTYtOGY4OC0zNDM2M2JjN2M0YzAiOnsiY3JlYXRlIjo2MDAwMDAwMDAwMDAsImRlbGV0ZSI6NjAwMDAwMDAwMDAwLCJ1cGRhdGUiOjYwMDAwMDAwMDAwMH19",
          "dependencies": [
            "aws_security_group.alb_sg",
            "module.codepipeline-vpc.aws_eip.nat_eip",
            "module.codepipeline-vpc.aws_nat_gateway.nat",
            "module.codepipeline-vpc.aws_subnet.db_subnets",
            "module.codepipeline-vpc.aws_subnet.was_subnets",
            "module.codepipeline-vpc.aws_subnet.webserver_subnets",
            "module.codepipeline-vpc.aws_vpc.vpc"
          ]
        }
      ]
    },
    {
      "mode": "managed",
      "type": "aws_lb_listener",
      "name": "ecs_80",
      "provider": "provider[\"registry.terraform.io/hashicorp/aws\"]",
      "instances": [
        {
          "schema_version": 0,
          "attributes": {
            "alpn_policy": null,
            "arn": "arn:aws:elasticloadbalancing:ap-northeast-2:182024812696:listener/app/ecs-alb/2ebf15d174d84629/0b56c774cc34646b",
            "certificate_arn": null,
            "default_action": [
              {
                "authenticate_cognito": [],
                "authenticate_oidc": [],
                "fixed_response": [],
                "forward": [],
                "order": 1,
                "redirect": [],
                "target_group_arn": "arn:aws:elasticloadbalancing:ap-northeast-2:182024812696:targetgroup/ecs-tg/6e9c0f5dae3536e3",
                "type": "forward"
              }
            ],
            "id": "arn:aws:elasticloadbalancing:ap-northeast-2:182024812696:listener/app/ecs-alb/2ebf15d174d84629/0b56c774cc34646b",
            "load_balancer_arn": "arn:aws:elasticloadbalancing:ap-northeast-2:182024812696:loadbalancer/app/ecs-alb/2ebf15d174d84629",
            "mutual_authentication": [],
            "port": 80,
            "protocol": "HTTP",
            "ssl_policy": "",
            "tags": {},
            "tags_all": {},
            "timeouts": null
          },
          "sensitive_attributes": [],
          "private": "eyJlMmJmYjczMC1lY2FhLTExZTYtOGY4OC0zNDM2M2JjN2M0YzAiOnsiY3JlYXRlIjozMDAwMDAwMDAwMDAsInVwZGF0ZSI6MzAwMDAwMDAwMDAwfX0=",
          "dependencies": [
            "aws_lb.ecs_alb",
            "aws_lb_target_group.ecs_tg",
            "aws_lb_target_group.ecs_tg_green",
            "aws_security_group.alb_sg",
            "module.codepipeline-vpc.aws_eip.nat_eip",
            "module.codepipeline-vpc.aws_nat_gateway.nat",
            "module.codepipeline-vpc.aws_subnet.db_subnets",
            "module.codepipeline-vpc.aws_subnet.was_subnets",
            "module.codepipeline-vpc.aws_subnet.webserver_subnets",
            "module.codepipeline-vpc.aws_vpc.vpc"
          ]
        }
      ]
    },
    {
      "mode": "managed",
      "type": "aws_lb_target_group",
      "name": "ecs_tg",
      "provider": "provider[\"registry.terraform.io/hashicorp/aws\"]",
      "instances": [
        {
          "schema_version": 0,
          "attributes": {
            "arn": "arn:aws:elasticloadbalancing:ap-northeast-2:182024812696:targetgroup/ecs-tg/6e9c0f5dae3536e3",
            "arn_suffix": "targetgroup/ecs-tg/6e9c0f5dae3536e3",
            "connection_termination": null,
            "deregistration_delay": "10",
            "health_check": [
              {
                "enabled": true,
                "healthy_threshold": 2,
                "interval": 30,
                "matcher": "200",
                "path": "/health",
                "port": "3000",
                "protocol": "HTTP",
                "timeout": 5,
                "unhealthy_threshold": 2
              }
            ],
            "id": "arn:aws:elasticloadbalancing:ap-northeast-2:182024812696:targetgroup/ecs-tg/6e9c0f5dae3536e3",
            "ip_address_type": "ipv4",
            "lambda_multi_value_headers_enabled": false,
            "load_balancer_arns": [
              "arn:aws:elasticloadbalancing:ap-northeast-2:182024812696:loadbalancer/app/ecs-alb/2ebf15d174d84629"
            ],
            "load_balancing_algorithm_type": "round_robin",
            "load_balancing_anomaly_mitigation": "off",
            "load_balancing_cross_zone_enabled": "use_load_balancer_configuration",
            "name": "ecs-tg",
            "name_prefix": "",
            "port": 80,
            "preserve_client_ip": null,
            "protocol": "HTTP",
            "protocol_version": "HTTP1",
            "proxy_protocol_v2": false,
            "slow_start": 0,
            "stickiness": [
              {
                "cookie_duration": 86400,
                "cookie_name": "",
                "enabled": false,
                "type": "lb_cookie"
              }
            ],
            "tags": {},
            "tags_all": {},
            "target_failover": [
              {
                "on_deregistration": null,
                "on_unhealthy": null
              }
            ],
            "target_health_state": [
              {
                "enable_unhealthy_connection_termination": null
              }
            ],
            "target_type": "ip",
            "vpc_id": "vpc-07ece8a72ca7e1e71"
          },
          "sensitive_attributes": [],
          "private": "bnVsbA==",
          "dependencies": [
            "module.codepipeline-vpc.aws_eip.nat_eip",
            "module.codepipeline-vpc.aws_nat_gateway.nat",
            "module.codepipeline-vpc.aws_subnet.db_subnets",
            "module.codepipeline-vpc.aws_subnet.was_subnets",
            "module.codepipeline-vpc.aws_subnet.webserver_subnets",
            "module.codepipeline-vpc.aws_vpc.vpc"
          ]
        }
      ]
    },
    {
      "mode": "managed",
      "type": "aws_lb_target_group",
      "name": "ecs_tg_blue",
      "provider": "provider[\"registry.terraform.io/hashicorp/aws\"]",
      "instances": [
        {
          "schema_version": 0,
          "attributes": {
            "arn": "arn:aws:elasticloadbalancing:ap-northeast-2:182024812696:targetgroup/ecs-blue-tg/714e11c7b8022a97",
            "arn_suffix": "targetgroup/ecs-blue-tg/714e11c7b8022a97",
            "connection_termination": null,
            "deregistration_delay": "10",
            "health_check": [
              {
                "enabled": true,
                "healthy_threshold": 2,
                "interval": 30,
                "matcher": "200",
                "path": "/health",
                "port": "3001",
                "protocol": "HTTP",
                "timeout": 5,
                "unhealthy_threshold": 2
              }
            ],
            "id": "arn:aws:elasticloadbalancing:ap-northeast-2:182024812696:targetgroup/ecs-blue-tg/714e11c7b8022a97",
            "ip_address_type": "ipv4",
            "lambda_multi_value_headers_enabled": false,
            "load_balancer_arns": [],
            "load_balancing_algorithm_type": "round_robin",
            "load_balancing_anomaly_mitigation": "off",
            "load_balancing_cross_zone_enabled": "use_load_balancer_configuration",
            "name": "ecs-blue-tg",
            "name_prefix": "",
            "port": 80,
            "preserve_client_ip": null,
            "protocol": "HTTP",
            "protocol_version": "HTTP1",
            "proxy_protocol_v2": false,
            "slow_start": 0,
            "stickiness": [
              {
                "cookie_duration": 86400,
                "cookie_name": "",
                "enabled": false,
                "type": "lb_cookie"
              }
            ],
            "tags": null,
            "tags_all": {},
            "target_failover": [
              {
                "on_deregistration": null,
                "on_unhealthy": null
              }
            ],
            "target_health_state": [
              {
                "enable_unhealthy_connection_termination": null
              }
            ],
            "target_type": "ip",
            "vpc_id": "vpc-07ece8a72ca7e1e71"
          },
          "sensitive_attributes": [],
          "private": "bnVsbA==",
          "dependencies": [
            "module.codepipeline-vpc.aws_eip.nat_eip",
            "module.codepipeline-vpc.aws_nat_gateway.nat",
            "module.codepipeline-vpc.aws_subnet.db_subnets",
            "module.codepipeline-vpc.aws_subnet.was_subnets",
            "module.codepipeline-vpc.aws_subnet.webserver_subnets",
            "module.codepipeline-vpc.aws_vpc.vpc"
          ]
        }
      ]
    },
    {
      "mode": "managed",
      "type": "aws_lb_target_group",
      "name": "ecs_tg_green",
      "provider": "provider[\"registry.terraform.io/hashicorp/aws\"]",
      "instances": [
        {
          "schema_version": 0,
          "attributes": {
            "arn": "arn:aws:elasticloadbalancing:ap-northeast-2:182024812696:targetgroup/ecs-green-tg/dc426c2a64c744aa",
            "arn_suffix": "targetgroup/ecs-green-tg/dc426c2a64c744aa",
            "connection_termination": null,
            "deregistration_delay": "10",
            "health_check": [
              {
                "enabled": true,
                "healthy_threshold": 2,
                "interval": 30,
                "matcher": "200",
                "path": "/health",
                "port": "3000",
                "protocol": "HTTP",
                "timeout": 5,
                "unhealthy_threshold": 2
              }
            ],
            "id": "arn:aws:elasticloadbalancing:ap-northeast-2:182024812696:targetgroup/ecs-green-tg/dc426c2a64c744aa",
            "ip_address_type": "ipv4",
            "lambda_multi_value_headers_enabled": false,
            "load_balancer_arns": [],
            "load_balancing_algorithm_type": "round_robin",
            "load_balancing_anomaly_mitigation": "off",
            "load_balancing_cross_zone_enabled": "use_load_balancer_configuration",
            "name": "ecs-green-tg",
            "name_prefix": "",
            "port": 80,
            "preserve_client_ip": null,
            "protocol": "HTTP",
            "protocol_version": "HTTP1",
            "proxy_protocol_v2": false,
            "slow_start": 0,
            "stickiness": [
              {
                "cookie_duration": 86400,
                "cookie_name": "",
                "enabled": false,
                "type": "lb_cookie"
              }
            ],
            "tags": null,
            "tags_all": {},
            "target_failover": [
              {
                "on_deregistration": null,
                "on_unhealthy": null
              }
            ],
            "target_health_state": [
              {
                "enable_unhealthy_connection_termination": null
              }
            ],
            "target_type": "ip",
            "vpc_id": "vpc-07ece8a72ca7e1e71"
          },
          "sensitive_attributes": [],
          "private": "bnVsbA==",
          "dependencies": [
            "module.codepipeline-vpc.aws_eip.nat_eip",
            "module.codepipeline-vpc.aws_nat_gateway.nat",
            "module.codepipeline-vpc.aws_subnet.db_subnets",
            "module.codepipeline-vpc.aws_subnet.was_subnets",
            "module.codepipeline-vpc.aws_subnet.webserver_subnets",
            "module.codepipeline-vpc.aws_vpc.vpc"
          ],
          "create_before_destroy": true
        }
      ]
    },
    {
      "mode": "managed",
      "type": "aws_security_group",
      "name": "alb_sg",
      "provider": "provider[\"registry.terraform.io/hashicorp/aws\"]",
      "instances": [
        {
          "schema_version": 1,
          "attributes": {
            "arn": "arn:aws:ec2:ap-northeast-2:182024812696:security-group/sg-051734ab42af544e6",
            "description": "alb to sg",
            "egress": [
              {
                "cidr_blocks": [
                  "0.0.0.0/0"
                ],
                "description": "",
                "from_port": 0,
                "ipv6_cidr_blocks": [],
                "prefix_list_ids": [],
                "protocol": "-1",
                "security_groups": [],
                "self": false,
                "to_port": 0
              }
            ],
            "id": "sg-051734ab42af544e6",
            "ingress": [
              {
                "cidr_blocks": [
                  "0.0.0.0/0"
                ],
                "description": "",
                "from_port": 443,
                "ipv6_cidr_blocks": [],
                "prefix_list_ids": [],
                "protocol": "tcp",
                "security_groups": [],
                "self": false,
                "to_port": 443
              },
              {
                "cidr_blocks": [
                  "0.0.0.0/0"
                ],
                "description": "",
                "from_port": 80,
                "ipv6_cidr_blocks": [],
                "prefix_list_ids": [],
                "protocol": "tcp",
                "security_groups": [],
                "self": false,
                "to_port": 80
              }
            ],
            "name": "alb_sg",
            "name_prefix": "",
            "owner_id": "182024812696",
            "revoke_rules_on_delete": false,
            "tags": {
              "Name": "alb_sg"
            },
            "tags_all": {
              "Name": "alb_sg"
            },
            "timeouts": null,
            "vpc_id": "vpc-07ece8a72ca7e1e71"
          },
          "sensitive_attributes": [],
          "private": "eyJlMmJmYjczMC1lY2FhLTExZTYtOGY4OC0zNDM2M2JjN2M0YzAiOnsiY3JlYXRlIjo2MDAwMDAwMDAwMDAsImRlbGV0ZSI6OTAwMDAwMDAwMDAwfSwic2NoZW1hX3ZlcnNpb24iOiIxIn0=",
          "dependencies": [
            "module.codepipeline-vpc.aws_eip.nat_eip",
            "module.codepipeline-vpc.aws_nat_gateway.nat",
            "module.codepipeline-vpc.aws_subnet.db_subnets",
            "module.codepipeline-vpc.aws_subnet.was_subnets",
            "module.codepipeline-vpc.aws_subnet.webserver_subnets",
            "module.codepipeline-vpc.aws_vpc.vpc"
          ],
          "create_before_destroy": true
        }
      ]
    },
    {
      "mode": "managed",
      "type": "aws_security_group",
      "name": "ecs_sg",
      "provider": "provider[\"registry.terraform.io/hashicorp/aws\"]",
      "instances": [
        {
          "schema_version": 1,
          "attributes": {
            "arn": "arn:aws:ec2:ap-northeast-2:182024812696:security-group/sg-0d645fd6577a91373",
            "description": "ecs to sg",
            "egress": [
              {
                "cidr_blocks": [
                  "0.0.0.0/0"
                ],
                "description": "",
                "from_port": 0,
                "ipv6_cidr_blocks": [],
                "prefix_list_ids": [],
                "protocol": "-1",
                "security_groups": [],
                "self": false,
                "to_port": 0
              }
            ],
            "id": "sg-0d645fd6577a91373",
            "ingress": [
              {
                "cidr_blocks": [],
                "description": "",
                "from_port": 3000,
                "ipv6_cidr_blocks": [],
                "prefix_list_ids": [],
                "protocol": "tcp",
                "security_groups": [
                  "sg-051734ab42af544e6"
                ],
                "self": false,
                "to_port": 3000
              }
            ],
            "name": "ecs_sg",
            "name_prefix": "",
            "owner_id": "182024812696",
            "revoke_rules_on_delete": false,
            "tags": {
              "Name": "ecs_sg"
            },
            "tags_all": {
              "Name": "ecs_sg"
            },
            "timeouts": null,
            "vpc_id": "vpc-07ece8a72ca7e1e71"
          },
          "sensitive_attributes": [],
          "private": "eyJlMmJmYjczMC1lY2FhLTExZTYtOGY4OC0zNDM2M2JjN2M0YzAiOnsiY3JlYXRlIjo2MDAwMDAwMDAwMDAsImRlbGV0ZSI6OTAwMDAwMDAwMDAwfSwic2NoZW1hX3ZlcnNpb24iOiIxIn0=",
          "dependencies": [
            "aws_security_group.alb_sg",
            "module.codepipeline-vpc.aws_eip.nat_eip",
            "module.codepipeline-vpc.aws_nat_gateway.nat",
            "module.codepipeline-vpc.aws_subnet.db_subnets",
            "module.codepipeline-vpc.aws_subnet.was_subnets",
            "module.codepipeline-vpc.aws_subnet.webserver_subnets",
            "module.codepipeline-vpc.aws_vpc.vpc"
          ],
          "create_before_destroy": true
        }
      ]
    },
    {
      "module": "module.codepipeline-vpc",
      "mode": "managed",
      "type": "aws_eip",
      "name": "nat_eip",
      "provider": "provider[\"registry.terraform.io/hashicorp/aws\"]",
      "instances": [
        {
          "schema_version": 0,
          "attributes": {
            "address": null,
            "allocation_id": "eipalloc-013331579b20c9223",
            "associate_with_private_ip": null,
            "association_id": "eipassoc-0043c59e28087a1ee",
            "carrier_ip": "",
            "customer_owned_ip": "",
            "customer_owned_ipv4_pool": "",
            "domain": "vpc",
            "id": "eipalloc-013331579b20c9223",
            "instance": "",
            "network_border_group": "ap-northeast-2",
            "network_interface": "eni-0a60d124e75995d26",
            "private_dns": "ip-10-0-1-114.ap-northeast-2.compute.internal",
            "private_ip": "10.0.1.114",
            "public_dns": "ec2-52-78-26-100.ap-northeast-2.compute.amazonaws.com",
            "public_ip": "52.78.26.100",
            "public_ipv4_pool": "amazon",
            "tags": {
              "Name": "cp-nat-eip",
              "Resource": "nat-gateway"
            },
            "tags_all": {
              "Name": "cp-nat-eip",
              "Resource": "nat-gateway"
            },
            "timeouts": null,
            "vpc": true
          },
          "sensitive_attributes": [],
          "private": "eyJlMmJmYjczMC1lY2FhLTExZTYtOGY4OC0zNDM2M2JjN2M0YzAiOnsiZGVsZXRlIjoxODAwMDAwMDAwMDAsInJlYWQiOjkwMDAwMDAwMDAwMCwidXBkYXRlIjozMDAwMDAwMDAwMDB9fQ==",
          "create_before_destroy": true
        }
      ]
    },
    {
      "module": "module.codepipeline-vpc",
      "mode": "managed",
      "type": "aws_internet_gateway",
      "name": "igw",
      "provider": "provider[\"registry.terraform.io/hashicorp/aws\"]",
      "instances": [
        {
          "schema_version": 0,
          "attributes": {
            "arn": "arn:aws:ec2:ap-northeast-2:182024812696:internet-gateway/igw-05653ca5dc7f82f48",
            "id": "igw-05653ca5dc7f82f48",
            "owner_id": "182024812696",
            "tags": {
              "Name": "cp-donggyu-igw",
              "Resource": "igw"
            },
            "tags_all": {
              "Name": "cp-donggyu-igw",
              "Resource": "igw"
            },
            "timeouts": null,
            "vpc_id": "vpc-07ece8a72ca7e1e71"
          },
          "sensitive_attributes": [],
          "private": "eyJlMmJmYjczMC1lY2FhLTExZTYtOGY4OC0zNDM2M2JjN2M0YzAiOnsiY3JlYXRlIjoxMjAwMDAwMDAwMDAwLCJkZWxldGUiOjEyMDAwMDAwMDAwMDAsInVwZGF0ZSI6MTIwMDAwMDAwMDAwMH19",
          "dependencies": [
            "module.codepipeline-vpc.aws_vpc.vpc"
          ]
        }
      ]
    },
    {
      "module": "module.codepipeline-vpc",
      "mode": "managed",
      "type": "aws_nat_gateway",
      "name": "nat",
      "provider": "provider[\"registry.terraform.io/hashicorp/aws\"]",
      "instances": [
        {
          "schema_version": 0,
          "attributes": {
            "allocation_id": "eipalloc-013331579b20c9223",
            "association_id": "eipassoc-0043c59e28087a1ee",
            "connectivity_type": "public",
            "id": "nat-0e4a5f5f8b97e2e86",
            "network_interface_id": "eni-0a60d124e75995d26",
            "private_ip": "10.0.1.114",
            "public_ip": "52.78.26.100",
            "secondary_allocation_ids": [],
            "secondary_private_ip_address_count": 0,
            "secondary_private_ip_addresses": [],
            "subnet_id": "subnet-0f6c051e0d8cf0966",
            "tags": {
              "Name": "cp-a-nat",
              "Resource": "nat"
            },
            "tags_all": {
              "Name": "cp-a-nat",
              "Resource": "nat"
            },
            "timeouts": null
          },
          "sensitive_attributes": [],
          "private": "eyJlMmJmYjczMC1lY2FhLTExZTYtOGY4OC0zNDM2M2JjN2M0YzAiOnsiY3JlYXRlIjo2MDAwMDAwMDAwMDAsImRlbGV0ZSI6MTgwMDAwMDAwMDAwMCwidXBkYXRlIjo2MDAwMDAwMDAwMDB9fQ==",
          "dependencies": [
            "module.codepipeline-vpc.aws_eip.nat_eip",
            "module.codepipeline-vpc.aws_subnet.webserver_subnets",
            "module.codepipeline-vpc.aws_vpc.vpc"
          ],
          "create_before_destroy": true
        }
      ]
    },
    {
      "module": "module.codepipeline-vpc",
      "mode": "managed",
      "type": "aws_route_table",
      "name": "db_route_table",
      "provider": "provider[\"registry.terraform.io/hashicorp/aws\"]",
      "instances": [
        {
          "schema_version": 0,
          "attributes": {
            "arn": "arn:aws:ec2:ap-northeast-2:182024812696:route-table/rtb-009d18a7cab33b667",
            "id": "rtb-009d18a7cab33b667",
            "owner_id": "182024812696",
            "propagating_vgws": [],
            "route": [],
            "tags": {
              "Name": "cp-db-rt",
              "Resource": "route-table"
            },
            "tags_all": {
              "Name": "cp-db-rt",
              "Resource": "route-table"
            },
            "timeouts": null,
            "vpc_id": "vpc-07ece8a72ca7e1e71"
          },
          "sensitive_attributes": [],
          "private": "eyJlMmJmYjczMC1lY2FhLTExZTYtOGY4OC0zNDM2M2JjN2M0YzAiOnsiY3JlYXRlIjozMDAwMDAwMDAwMDAsImRlbGV0ZSI6MzAwMDAwMDAwMDAwLCJ1cGRhdGUiOjEyMDAwMDAwMDAwMH19",
          "dependencies": [
            "module.codepipeline-vpc.aws_vpc.vpc"
          ]
        }
      ]
    },
    {
      "module": "module.codepipeline-vpc",
      "mode": "managed",
      "type": "aws_route_table",
      "name": "private_route_table",
      "provider": "provider[\"registry.terraform.io/hashicorp/aws\"]",
      "instances": [
        {
          "schema_version": 0,
          "attributes": {
            "arn": "arn:aws:ec2:ap-northeast-2:182024812696:route-table/rtb-047e83039ec8492af",
            "id": "rtb-047e83039ec8492af",
            "owner_id": "182024812696",
            "propagating_vgws": [],
            "route": [
              {
                "carrier_gateway_id": "",
                "cidr_block": "0.0.0.0/0",
                "core_network_arn": "",
                "destination_prefix_list_id": "",
                "egress_only_gateway_id": "",
                "gateway_id": "",
                "ipv6_cidr_block": "",
                "local_gateway_id": "",
                "nat_gateway_id": "nat-0e4a5f5f8b97e2e86",
                "network_interface_id": "",
                "transit_gateway_id": "",
                "vpc_endpoint_id": "",
                "vpc_peering_connection_id": ""
              }
            ],
            "tags": {
              "Name": "cp-private-rt",
              "Resource": "route-table"
            },
            "tags_all": {
              "Name": "cp-private-rt",
              "Resource": "route-table"
            },
            "timeouts": null,
            "vpc_id": "vpc-07ece8a72ca7e1e71"
          },
          "sensitive_attributes": [],
          "private": "eyJlMmJmYjczMC1lY2FhLTExZTYtOGY4OC0zNDM2M2JjN2M0YzAiOnsiY3JlYXRlIjozMDAwMDAwMDAwMDAsImRlbGV0ZSI6MzAwMDAwMDAwMDAwLCJ1cGRhdGUiOjEyMDAwMDAwMDAwMH19",
          "dependencies": [
            "module.codepipeline-vpc.aws_eip.nat_eip",
            "module.codepipeline-vpc.aws_nat_gateway.nat",
            "module.codepipeline-vpc.aws_subnet.webserver_subnets",
            "module.codepipeline-vpc.aws_vpc.vpc"
          ]
        }
      ]
    },
    {
      "module": "module.codepipeline-vpc",
      "mode": "managed",
      "type": "aws_route_table",
      "name": "public_route_table",
      "provider": "provider[\"registry.terraform.io/hashicorp/aws\"]",
      "instances": [
        {
          "schema_version": 0,
          "attributes": {
            "arn": "arn:aws:ec2:ap-northeast-2:182024812696:route-table/rtb-0072f432b273a606e",
            "id": "rtb-0072f432b273a606e",
            "owner_id": "182024812696",
            "propagating_vgws": [],
            "route": [
              {
                "carrier_gateway_id": "",
                "cidr_block": "0.0.0.0/0",
                "core_network_arn": "",
                "destination_prefix_list_id": "",
                "egress_only_gateway_id": "",
                "gateway_id": "igw-05653ca5dc7f82f48",
                "ipv6_cidr_block": "",
                "local_gateway_id": "",
                "nat_gateway_id": "",
                "network_interface_id": "",
                "transit_gateway_id": "",
                "vpc_endpoint_id": "",
                "vpc_peering_connection_id": ""
              }
            ],
            "tags": {
              "Name": "cp-public-rt",
              "Resource": "route-table"
            },
            "tags_all": {
              "Name": "cp-public-rt",
              "Resource": "route-table"
            },
            "timeouts": null,
            "vpc_id": "vpc-07ece8a72ca7e1e71"
          },
          "sensitive_attributes": [],
          "private": "eyJlMmJmYjczMC1lY2FhLTExZTYtOGY4OC0zNDM2M2JjN2M0YzAiOnsiY3JlYXRlIjozMDAwMDAwMDAwMDAsImRlbGV0ZSI6MzAwMDAwMDAwMDAwLCJ1cGRhdGUiOjEyMDAwMDAwMDAwMH19",
          "dependencies": [
            "module.codepipeline-vpc.aws_internet_gateway.igw",
            "module.codepipeline-vpc.aws_vpc.vpc"
          ]
        }
      ]
    },
    {
      "module": "module.codepipeline-vpc",
      "mode": "managed",
      "type": "aws_route_table_association",
      "name": "db-rt-mapping",
      "provider": "provider[\"registry.terraform.io/hashicorp/aws\"]",
      "instances": [
        {
          "index_key": "a",
          "schema_version": 0,
          "attributes": {
            "gateway_id": "",
            "id": "rtbassoc-0dfe06b4d10225c5c",
            "route_table_id": "rtb-009d18a7cab33b667",
            "subnet_id": "subnet-0d3f1839a0465810a",
            "timeouts": null
          },
          "sensitive_attributes": [],
          "private": "eyJlMmJmYjczMC1lY2FhLTExZTYtOGY4OC0zNDM2M2JjN2M0YzAiOnsiY3JlYXRlIjozMDAwMDAwMDAwMDAsImRlbGV0ZSI6MzAwMDAwMDAwMDAwLCJ1cGRhdGUiOjEyMDAwMDAwMDAwMH19",
          "dependencies": [
            "module.codepipeline-vpc.aws_route_table.db_route_table",
            "module.codepipeline-vpc.aws_subnet.db_subnets",
            "module.codepipeline-vpc.aws_vpc.vpc"
          ]
        },
        {
          "index_key": "b",
          "schema_version": 0,
          "attributes": {
            "gateway_id": "",
            "id": "rtbassoc-0b8880e24e3a419e9",
            "route_table_id": "rtb-009d18a7cab33b667",
            "subnet_id": "subnet-0741165f54af9c7ea",
            "timeouts": null
          },
          "sensitive_attributes": [],
          "private": "eyJlMmJmYjczMC1lY2FhLTExZTYtOGY4OC0zNDM2M2JjN2M0YzAiOnsiY3JlYXRlIjozMDAwMDAwMDAwMDAsImRlbGV0ZSI6MzAwMDAwMDAwMDAwLCJ1cGRhdGUiOjEyMDAwMDAwMDAwMH19",
          "dependencies": [
            "module.codepipeline-vpc.aws_route_table.db_route_table",
            "module.codepipeline-vpc.aws_subnet.db_subnets",
            "module.codepipeline-vpc.aws_vpc.vpc"
          ]
        }
      ]
    },
    {
      "module": "module.codepipeline-vpc",
      "mode": "managed",
      "type": "aws_route_table_association",
      "name": "private-rt-mapping",
      "provider": "provider[\"registry.terraform.io/hashicorp/aws\"]",
      "instances": [
        {
          "index_key": "a",
          "schema_version": 0,
          "attributes": {
            "gateway_id": "",
            "id": "rtbassoc-0bb0ba40b8865bf69",
            "route_table_id": "rtb-047e83039ec8492af",
            "subnet_id": "subnet-04c51b0fc756e980c",
            "timeouts": null
          },
          "sensitive_attributes": [],
          "private": "eyJlMmJmYjczMC1lY2FhLTExZTYtOGY4OC0zNDM2M2JjN2M0YzAiOnsiY3JlYXRlIjozMDAwMDAwMDAwMDAsImRlbGV0ZSI6MzAwMDAwMDAwMDAwLCJ1cGRhdGUiOjEyMDAwMDAwMDAwMH19",
          "dependencies": [
            "module.codepipeline-vpc.aws_eip.nat_eip",
            "module.codepipeline-vpc.aws_nat_gateway.nat",
            "module.codepipeline-vpc.aws_route_table.private_route_table",
            "module.codepipeline-vpc.aws_subnet.was_subnets",
            "module.codepipeline-vpc.aws_subnet.webserver_subnets",
            "module.codepipeline-vpc.aws_vpc.vpc"
          ]
        },
        {
          "index_key": "b",
          "schema_version": 0,
          "attributes": {
            "gateway_id": "",
            "id": "rtbassoc-0f6a0dcffdc5aa51d",
            "route_table_id": "rtb-047e83039ec8492af",
            "subnet_id": "subnet-0b2dbd6951a96e739",
            "timeouts": null
          },
          "sensitive_attributes": [],
          "private": "eyJlMmJmYjczMC1lY2FhLTExZTYtOGY4OC0zNDM2M2JjN2M0YzAiOnsiY3JlYXRlIjozMDAwMDAwMDAwMDAsImRlbGV0ZSI6MzAwMDAwMDAwMDAwLCJ1cGRhdGUiOjEyMDAwMDAwMDAwMH19",
          "dependencies": [
            "module.codepipeline-vpc.aws_eip.nat_eip",
            "module.codepipeline-vpc.aws_nat_gateway.nat",
            "module.codepipeline-vpc.aws_route_table.private_route_table",
            "module.codepipeline-vpc.aws_subnet.was_subnets",
            "module.codepipeline-vpc.aws_subnet.webserver_subnets",
            "module.codepipeline-vpc.aws_vpc.vpc"
          ]
        }
      ]
    },
    {
      "module": "module.codepipeline-vpc",
      "mode": "managed",
      "type": "aws_route_table_association",
      "name": "public-rt-mapping",
      "provider": "provider[\"registry.terraform.io/hashicorp/aws\"]",
      "instances": [
        {
          "index_key": "a",
          "schema_version": 0,
          "attributes": {
            "gateway_id": "",
            "id": "rtbassoc-02f93c3ff3a92c7c6",
            "route_table_id": "rtb-0072f432b273a606e",
            "subnet_id": "subnet-0f6c051e0d8cf0966",
            "timeouts": null
          },
          "sensitive_attributes": [],
          "private": "eyJlMmJmYjczMC1lY2FhLTExZTYtOGY4OC0zNDM2M2JjN2M0YzAiOnsiY3JlYXRlIjozMDAwMDAwMDAwMDAsImRlbGV0ZSI6MzAwMDAwMDAwMDAwLCJ1cGRhdGUiOjEyMDAwMDAwMDAwMH19",
          "dependencies": [
            "module.codepipeline-vpc.aws_internet_gateway.igw",
            "module.codepipeline-vpc.aws_route_table.public_route_table",
            "module.codepipeline-vpc.aws_subnet.webserver_subnets",
            "module.codepipeline-vpc.aws_vpc.vpc"
          ]
        },
        {
          "index_key": "b",
          "schema_version": 0,
          "attributes": {
            "gateway_id": "",
            "id": "rtbassoc-0669181edaf43bd50",
            "route_table_id": "rtb-0072f432b273a606e",
            "subnet_id": "subnet-021fd46b663cdf178",
            "timeouts": null
          },
          "sensitive_attributes": [],
          "private": "eyJlMmJmYjczMC1lY2FhLTExZTYtOGY4OC0zNDM2M2JjN2M0YzAiOnsiY3JlYXRlIjozMDAwMDAwMDAwMDAsImRlbGV0ZSI6MzAwMDAwMDAwMDAwLCJ1cGRhdGUiOjEyMDAwMDAwMDAwMH19",
          "dependencies": [
            "module.codepipeline-vpc.aws_internet_gateway.igw",
            "module.codepipeline-vpc.aws_route_table.public_route_table",
            "module.codepipeline-vpc.aws_subnet.webserver_subnets",
            "module.codepipeline-vpc.aws_vpc.vpc"
          ]
        }
      ]
    },
    {
      "module": "module.codepipeline-vpc",
      "mode": "managed",
      "type": "aws_security_group",
      "name": "private_sg",
      "provider": "provider[\"registry.terraform.io/hashicorp/aws\"]",
      "instances": [
        {
          "schema_version": 1,
          "attributes": {
            "arn": "arn:aws:ec2:ap-northeast-2:182024812696:security-group/sg-02636f0d8987416a2",
            "description": "endpoint sg",
            "egress": [
              {
                "cidr_blocks": [
                  "0.0.0.0/0"
                ],
                "description": "",
                "from_port": 0,
                "ipv6_cidr_blocks": [],
                "prefix_list_ids": [],
                "protocol": "-1",
                "security_groups": [],
                "self": false,
                "to_port": 0
              }
            ],
            "id": "sg-02636f0d8987416a2",
            "ingress": [
              {
                "cidr_blocks": [
                  "0.0.0.0/0"
                ],
                "description": "",
                "from_port": -1,
                "ipv6_cidr_blocks": [],
                "prefix_list_ids": [],
                "protocol": "icmp",
                "security_groups": [],
                "self": false,
                "to_port": -1
              },
              {
                "cidr_blocks": [
                  "0.0.0.0/0"
                ],
                "description": "",
                "from_port": 0,
                "ipv6_cidr_blocks": [],
                "prefix_list_ids": [],
                "protocol": "-1",
                "security_groups": [],
                "self": false,
                "to_port": 0
              }
            ],
            "name": "endpoint-private-sg",
            "name_prefix": "",
            "owner_id": "182024812696",
            "revoke_rules_on_delete": false,
            "tags": {
              "Name": "cp-private-sg"
            },
            "tags_all": {
              "Name": "cp-private-sg"
            },
            "timeouts": null,
            "vpc_id": "vpc-07ece8a72ca7e1e71"
          },
          "sensitive_attributes": [],
          "private": "eyJlMmJmYjczMC1lY2FhLTExZTYtOGY4OC0zNDM2M2JjN2M0YzAiOnsiY3JlYXRlIjo2MDAwMDAwMDAwMDAsImRlbGV0ZSI6OTAwMDAwMDAwMDAwfSwic2NoZW1hX3ZlcnNpb24iOiIxIn0=",
          "dependencies": [
            "module.codepipeline-vpc.aws_vpc.vpc"
          ]
        }
      ]
    },
    {
      "module": "module.codepipeline-vpc",
      "mode": "managed",
      "type": "aws_subnet",
      "name": "db_subnets",
      "provider": "provider[\"registry.terraform.io/hashicorp/aws\"]",
      "instances": [
        {
          "index_key": "a",
          "schema_version": 1,
          "attributes": {
            "arn": "arn:aws:ec2:ap-northeast-2:182024812696:subnet/subnet-0d3f1839a0465810a",
            "assign_ipv6_address_on_creation": false,
            "availability_zone": "ap-northeast-2a",
            "availability_zone_id": "apne2-az1",
            "cidr_block": "10.0.200.0/24",
            "customer_owned_ipv4_pool": "",
            "enable_dns64": false,
            "enable_lni_at_device_index": 0,
            "enable_resource_name_dns_a_record_on_launch": false,
            "enable_resource_name_dns_aaaa_record_on_launch": false,
            "id": "subnet-0d3f1839a0465810a",
            "ipv6_cidr_block": "",
            "ipv6_cidr_block_association_id": "",
            "ipv6_native": false,
            "map_customer_owned_ip_on_launch": false,
            "map_public_ip_on_launch": false,
            "outpost_arn": "",
            "owner_id": "182024812696",
            "private_dns_hostname_type_on_launch": "ip-name",
            "tags": {
              "Name": "cp-donggyu-ap-northeast-2a-db",
              "Property": "db",
              "Resource": "subnet"
            },
            "tags_all": {
              "Name": "cp-donggyu-ap-northeast-2a-db",
              "Property": "db",
              "Resource": "subnet"
            },
            "timeouts": null,
            "vpc_id": "vpc-07ece8a72ca7e1e71"
          },
          "sensitive_attributes": [],
          "private": "eyJlMmJmYjczMC1lY2FhLTExZTYtOGY4OC0zNDM2M2JjN2M0YzAiOnsiY3JlYXRlIjo2MDAwMDAwMDAwMDAsImRlbGV0ZSI6MTIwMDAwMDAwMDAwMH0sInNjaGVtYV92ZXJzaW9uIjoiMSJ9",
          "dependencies": [
            "module.codepipeline-vpc.aws_vpc.vpc"
          ],
          "create_before_destroy": true
        },
        {
          "index_key": "b",
          "schema_version": 1,
          "attributes": {
            "arn": "arn:aws:ec2:ap-northeast-2:182024812696:subnet/subnet-0741165f54af9c7ea",
            "assign_ipv6_address_on_creation": false,
            "availability_zone": "ap-northeast-2b",
            "availability_zone_id": "apne2-az2",
            "cidr_block": "10.0.201.0/24",
            "customer_owned_ipv4_pool": "",
            "enable_dns64": false,
            "enable_lni_at_device_index": 0,
            "enable_resource_name_dns_a_record_on_launch": false,
            "enable_resource_name_dns_aaaa_record_on_launch": false,
            "id": "subnet-0741165f54af9c7ea",
            "ipv6_cidr_block": "",
            "ipv6_cidr_block_association_id": "",
            "ipv6_native": false,
            "map_customer_owned_ip_on_launch": false,
            "map_public_ip_on_launch": false,
            "outpost_arn": "",
            "owner_id": "182024812696",
            "private_dns_hostname_type_on_launch": "ip-name",
            "tags": {
              "Name": "cp-donggyu-ap-northeast-2b-db",
              "Property": "db",
              "Resource": "subnet"
            },
            "tags_all": {
              "Name": "cp-donggyu-ap-northeast-2b-db",
              "Property": "db",
              "Resource": "subnet"
            },
            "timeouts": null,
            "vpc_id": "vpc-07ece8a72ca7e1e71"
          },
          "sensitive_attributes": [],
          "private": "eyJlMmJmYjczMC1lY2FhLTExZTYtOGY4OC0zNDM2M2JjN2M0YzAiOnsiY3JlYXRlIjo2MDAwMDAwMDAwMDAsImRlbGV0ZSI6MTIwMDAwMDAwMDAwMH0sInNjaGVtYV92ZXJzaW9uIjoiMSJ9",
          "dependencies": [
            "module.codepipeline-vpc.aws_vpc.vpc"
          ],
          "create_before_destroy": true
        }
      ]
    },
    {
      "module": "module.codepipeline-vpc",
      "mode": "managed",
      "type": "aws_subnet",
      "name": "was_subnets",
      "provider": "provider[\"registry.terraform.io/hashicorp/aws\"]",
      "instances": [
        {
          "index_key": "a",
          "schema_version": 1,
          "attributes": {
            "arn": "arn:aws:ec2:ap-northeast-2:182024812696:subnet/subnet-04c51b0fc756e980c",
            "assign_ipv6_address_on_creation": false,
            "availability_zone": "ap-northeast-2a",
            "availability_zone_id": "apne2-az1",
            "cidr_block": "10.0.100.0/24",
            "customer_owned_ipv4_pool": "",
            "enable_dns64": false,
            "enable_lni_at_device_index": 0,
            "enable_resource_name_dns_a_record_on_launch": false,
            "enable_resource_name_dns_aaaa_record_on_launch": false,
            "id": "subnet-04c51b0fc756e980c",
            "ipv6_cidr_block": "",
            "ipv6_cidr_block_association_id": "",
            "ipv6_native": false,
            "map_customer_owned_ip_on_launch": false,
            "map_public_ip_on_launch": false,
            "outpost_arn": "",
            "owner_id": "182024812696",
            "private_dns_hostname_type_on_launch": "ip-name",
            "tags": {
              "Name": "cp-donggyu-ap-northeast-2a-was",
              "Property": "was",
              "Resource": "subnet"
            },
            "tags_all": {
              "Name": "cp-donggyu-ap-northeast-2a-was",
              "Property": "was",
              "Resource": "subnet"
            },
            "timeouts": null,
            "vpc_id": "vpc-07ece8a72ca7e1e71"
          },
          "sensitive_attributes": [],
          "private": "eyJlMmJmYjczMC1lY2FhLTExZTYtOGY4OC0zNDM2M2JjN2M0YzAiOnsiY3JlYXRlIjo2MDAwMDAwMDAwMDAsImRlbGV0ZSI6MTIwMDAwMDAwMDAwMH0sInNjaGVtYV92ZXJzaW9uIjoiMSJ9",
          "dependencies": [
            "module.codepipeline-vpc.aws_vpc.vpc"
          ],
          "create_before_destroy": true
        },
        {
          "index_key": "b",
          "schema_version": 1,
          "attributes": {
            "arn": "arn:aws:ec2:ap-northeast-2:182024812696:subnet/subnet-0b2dbd6951a96e739",
            "assign_ipv6_address_on_creation": false,
            "availability_zone": "ap-northeast-2b",
            "availability_zone_id": "apne2-az2",
            "cidr_block": "10.0.101.0/24",
            "customer_owned_ipv4_pool": "",
            "enable_dns64": false,
            "enable_lni_at_device_index": 0,
            "enable_resource_name_dns_a_record_on_launch": false,
            "enable_resource_name_dns_aaaa_record_on_launch": false,
            "id": "subnet-0b2dbd6951a96e739",
            "ipv6_cidr_block": "",
            "ipv6_cidr_block_association_id": "",
            "ipv6_native": false,
            "map_customer_owned_ip_on_launch": false,
            "map_public_ip_on_launch": false,
            "outpost_arn": "",
            "owner_id": "182024812696",
            "private_dns_hostname_type_on_launch": "ip-name",
            "tags": {
              "Name": "cp-donggyu-ap-northeast-2b-was",
              "Property": "was",
              "Resource": "subnet"
            },
            "tags_all": {
              "Name": "cp-donggyu-ap-northeast-2b-was",
              "Property": "was",
              "Resource": "subnet"
            },
            "timeouts": null,
            "vpc_id": "vpc-07ece8a72ca7e1e71"
          },
          "sensitive_attributes": [],
          "private": "eyJlMmJmYjczMC1lY2FhLTExZTYtOGY4OC0zNDM2M2JjN2M0YzAiOnsiY3JlYXRlIjo2MDAwMDAwMDAwMDAsImRlbGV0ZSI6MTIwMDAwMDAwMDAwMH0sInNjaGVtYV92ZXJzaW9uIjoiMSJ9",
          "dependencies": [
            "module.codepipeline-vpc.aws_vpc.vpc"
          ],
          "create_before_destroy": true
        }
      ]
    },
    {
      "module": "module.codepipeline-vpc",
      "mode": "managed",
      "type": "aws_subnet",
      "name": "webserver_subnets",
      "provider": "provider[\"registry.terraform.io/hashicorp/aws\"]",
      "instances": [
        {
          "index_key": "a",
          "schema_version": 1,
          "attributes": {
            "arn": "arn:aws:ec2:ap-northeast-2:182024812696:subnet/subnet-0f6c051e0d8cf0966",
            "assign_ipv6_address_on_creation": false,
            "availability_zone": "ap-northeast-2a",
            "availability_zone_id": "apne2-az1",
            "cidr_block": "10.0.1.0/24",
            "customer_owned_ipv4_pool": "",
            "enable_dns64": false,
            "enable_lni_at_device_index": 0,
            "enable_resource_name_dns_a_record_on_launch": false,
            "enable_resource_name_dns_aaaa_record_on_launch": false,
            "id": "subnet-0f6c051e0d8cf0966",
            "ipv6_cidr_block": "",
            "ipv6_cidr_block_association_id": "",
            "ipv6_native": false,
            "map_customer_owned_ip_on_launch": false,
            "map_public_ip_on_launch": false,
            "outpost_arn": "",
            "owner_id": "182024812696",
            "private_dns_hostname_type_on_launch": "ip-name",
            "tags": {
              "Name": "cp-donggyu-ap-northeast-2a-webserver",
              "Property": "webserver",
              "Resource": "subnet"
            },
            "tags_all": {
              "Name": "cp-donggyu-ap-northeast-2a-webserver",
              "Property": "webserver",
              "Resource": "subnet"
            },
            "timeouts": null,
            "vpc_id": "vpc-07ece8a72ca7e1e71"
          },
          "sensitive_attributes": [],
          "private": "eyJlMmJmYjczMC1lY2FhLTExZTYtOGY4OC0zNDM2M2JjN2M0YzAiOnsiY3JlYXRlIjo2MDAwMDAwMDAwMDAsImRlbGV0ZSI6MTIwMDAwMDAwMDAwMH0sInNjaGVtYV92ZXJzaW9uIjoiMSJ9",
          "dependencies": [
            "module.codepipeline-vpc.aws_vpc.vpc"
          ],
          "create_before_destroy": true
        },
        {
          "index_key": "b",
          "schema_version": 1,
          "attributes": {
            "arn": "arn:aws:ec2:ap-northeast-2:182024812696:subnet/subnet-021fd46b663cdf178",
            "assign_ipv6_address_on_creation": false,
            "availability_zone": "ap-northeast-2b",
            "availability_zone_id": "apne2-az2",
            "cidr_block": "10.0.2.0/24",
            "customer_owned_ipv4_pool": "",
            "enable_dns64": false,
            "enable_lni_at_device_index": 0,
            "enable_resource_name_dns_a_record_on_launch": false,
            "enable_resource_name_dns_aaaa_record_on_launch": false,
            "id": "subnet-021fd46b663cdf178",
            "ipv6_cidr_block": "",
            "ipv6_cidr_block_association_id": "",
            "ipv6_native": false,
            "map_customer_owned_ip_on_launch": false,
            "map_public_ip_on_launch": false,
            "outpost_arn": "",
            "owner_id": "182024812696",
            "private_dns_hostname_type_on_launch": "ip-name",
            "tags": {
              "Name": "cp-donggyu-ap-northeast-2b-webserver",
              "Property": "webserver",
              "Resource": "subnet"
            },
            "tags_all": {
              "Name": "cp-donggyu-ap-northeast-2b-webserver",
              "Property": "webserver",
              "Resource": "subnet"
            },
            "timeouts": null,
            "vpc_id": "vpc-07ece8a72ca7e1e71"
          },
          "sensitive_attributes": [],
          "private": "eyJlMmJmYjczMC1lY2FhLTExZTYtOGY4OC0zNDM2M2JjN2M0YzAiOnsiY3JlYXRlIjo2MDAwMDAwMDAwMDAsImRlbGV0ZSI6MTIwMDAwMDAwMDAwMH0sInNjaGVtYV92ZXJzaW9uIjoiMSJ9",
          "dependencies": [
            "module.codepipeline-vpc.aws_vpc.vpc"
          ],
          "create_before_destroy": true
        }
      ]
    },
    {
      "module": "module.codepipeline-vpc",
      "mode": "managed",
      "type": "aws_vpc",
      "name": "vpc",
      "provider": "provider[\"registry.terraform.io/hashicorp/aws\"]",
      "instances": [
        {
          "schema_version": 1,
          "attributes": {
            "arn": "arn:aws:ec2:ap-northeast-2:182024812696:vpc/vpc-07ece8a72ca7e1e71",
            "assign_generated_ipv6_cidr_block": false,
            "cidr_block": "10.0.0.0/16",
            "default_network_acl_id": "acl-0af79e2251efdfc55",
            "default_route_table_id": "rtb-0ca140c5bc0a79cdc",
            "default_security_group_id": "sg-03c162c0a334c438b",
            "dhcp_options_id": "dopt-00db6602bf8d3ab9d",
            "enable_dns_hostnames": true,
            "enable_dns_support": true,
            "enable_network_address_usage_metrics": false,
            "id": "vpc-07ece8a72ca7e1e71",
            "instance_tenancy": "default",
            "ipv4_ipam_pool_id": null,
            "ipv4_netmask_length": null,
            "ipv6_association_id": "",
            "ipv6_cidr_block": "",
            "ipv6_cidr_block_network_border_group": "",
            "ipv6_ipam_pool_id": "",
            "ipv6_netmask_length": 0,
            "main_route_table_id": "rtb-0ca140c5bc0a79cdc",
            "owner_id": "182024812696",
            "tags": {
              "Name": "cp-donggyu",
              "Resource": "vpc"
            },
            "tags_all": {
              "Name": "cp-donggyu",
              "Resource": "vpc"
            }
          },
          "sensitive_attributes": [],
          "private": "eyJzY2hlbWFfdmVyc2lvbiI6IjEifQ==",
          "create_before_destroy": true
        }
      ]
    },
    {
      "module": "module.codepipeline-vpc",
      "mode": "managed",
      "type": "aws_vpc_endpoint",
      "name": "ecr_endpoint_api",
      "provider": "provider[\"registry.terraform.io/hashicorp/aws\"]",
      "instances": [
        {
          "index_key": 0,
          "schema_version": 0,
          "attributes": {
            "arn": "arn:aws:ec2:ap-northeast-2:182024812696:vpc-endpoint/vpce-0e06504d27c1c9524",
            "auto_accept": null,
            "cidr_blocks": [],
            "dns_entry": [
              {
                "dns_name": "vpce-0e06504d27c1c9524-3twsey77.api.ecr.ap-northeast-2.vpce.amazonaws.com",
                "hosted_zone_id": "Z27UANNT0PRK1T"
              },
              {
                "dns_name": "vpce-0e06504d27c1c9524-3twsey77-ap-northeast-2b.api.ecr.ap-northeast-2.vpce.amazonaws.com",
                "hosted_zone_id": "Z27UANNT0PRK1T"
              },
              {
                "dns_name": "vpce-0e06504d27c1c9524-3twsey77-ap-northeast-2a.api.ecr.ap-northeast-2.vpce.amazonaws.com",
                "hosted_zone_id": "Z27UANNT0PRK1T"
              },
              {
                "dns_name": "api.ecr.ap-northeast-2.amazonaws.com",
                "hosted_zone_id": "Z0159558GJ6C3Q4DWGS6"
              }
            ],
            "dns_options": [
              {
                "dns_record_ip_type": "ipv4",
                "private_dns_only_for_inbound_resolver_endpoint": false
              }
            ],
            "id": "vpce-0e06504d27c1c9524",
            "ip_address_type": "ipv4",
            "network_interface_ids": [
              "eni-07c4a55b1fb43d087",
              "eni-0b0886dbf59763789"
            ],
            "owner_id": "182024812696",
            "policy": "{\"Statement\":[{\"Action\":\"*\",\"Effect\":\"Allow\",\"Principal\":\"*\",\"Resource\":\"*\"}]}",
            "prefix_list_id": null,
            "private_dns_enabled": true,
            "requester_managed": false,
            "route_table_ids": [],
            "security_group_ids": [
              "sg-02636f0d8987416a2"
            ],
            "service_name": "com.amazonaws.ap-northeast-2.ecr.api",
            "state": "available",
            "subnet_ids": [
              "subnet-04c51b0fc756e980c",
              "subnet-0b2dbd6951a96e739"
            ],
            "tags": {
              "Name": "cp-endpoint-ecr-api"
            },
            "tags_all": {
              "Name": "cp-endpoint-ecr-api"
            },
            "timeouts": null,
            "vpc_endpoint_type": "Interface",
            "vpc_id": "vpc-07ece8a72ca7e1e71"
          },
          "sensitive_attributes": [],
          "private": "eyJlMmJmYjczMC1lY2FhLTExZTYtOGY4OC0zNDM2M2JjN2M0YzAiOnsiY3JlYXRlIjo2MDAwMDAwMDAwMDAsImRlbGV0ZSI6NjAwMDAwMDAwMDAwLCJ1cGRhdGUiOjYwMDAwMDAwMDAwMH19",
          "dependencies": [
            "module.codepipeline-vpc.aws_security_group.private_sg",
            "module.codepipeline-vpc.aws_subnet.was_subnets",
            "module.codepipeline-vpc.aws_vpc.vpc"
          ]
        }
      ]
    },
    {
      "module": "module.codepipeline-vpc",
      "mode": "managed",
      "type": "aws_vpc_endpoint",
      "name": "ecr_endpoint_dkr",
      "provider": "provider[\"registry.terraform.io/hashicorp/aws\"]",
      "instances": [
        {
          "index_key": 0,
          "schema_version": 0,
          "attributes": {
            "arn": "arn:aws:ec2:ap-northeast-2:182024812696:vpc-endpoint/vpce-00767dfa8c01bf845",
            "auto_accept": null,
            "cidr_blocks": [],
            "dns_entry": [
              {
                "dns_name": "vpce-00767dfa8c01bf845-84sm8ono.dkr.ecr.ap-northeast-2.vpce.amazonaws.com",
                "hosted_zone_id": "Z27UANNT0PRK1T"
              },
              {
                "dns_name": "vpce-00767dfa8c01bf845-84sm8ono-ap-northeast-2a.dkr.ecr.ap-northeast-2.vpce.amazonaws.com",
                "hosted_zone_id": "Z27UANNT0PRK1T"
              },
              {
                "dns_name": "vpce-00767dfa8c01bf845-84sm8ono-ap-northeast-2b.dkr.ecr.ap-northeast-2.vpce.amazonaws.com",
                "hosted_zone_id": "Z27UANNT0PRK1T"
              },
              {
                "dns_name": "dkr.ecr.ap-northeast-2.amazonaws.com",
                "hosted_zone_id": "Z0159563CW94NXHFOUHJ"
              },
              {
                "dns_name": "*.dkr.ecr.ap-northeast-2.amazonaws.com",
                "hosted_zone_id": "Z0159563CW94NXHFOUHJ"
              }
            ],
            "dns_options": [
              {
                "dns_record_ip_type": "ipv4",
                "private_dns_only_for_inbound_resolver_endpoint": false
              }
            ],
            "id": "vpce-00767dfa8c01bf845",
            "ip_address_type": "ipv4",
            "network_interface_ids": [
              "eni-08c4d8bad6ef832d3",
              "eni-09ae3d4dbf13c00b8"
            ],
            "owner_id": "182024812696",
            "policy": "{\"Statement\":[{\"Action\":\"*\",\"Effect\":\"Allow\",\"Principal\":\"*\",\"Resource\":\"*\"}]}",
            "prefix_list_id": null,
            "private_dns_enabled": true,
            "requester_managed": false,
            "route_table_ids": [],
            "security_group_ids": [
              "sg-02636f0d8987416a2"
            ],
            "service_name": "com.amazonaws.ap-northeast-2.ecr.dkr",
            "state": "available",
            "subnet_ids": [
              "subnet-04c51b0fc756e980c",
              "subnet-0b2dbd6951a96e739"
            ],
            "tags": {
              "Name": "cp-endpoint-ecr-dkr"
            },
            "tags_all": {
              "Name": "cp-endpoint-ecr-dkr"
            },
            "timeouts": null,
            "vpc_endpoint_type": "Interface",
            "vpc_id": "vpc-07ece8a72ca7e1e71"
          },
          "sensitive_attributes": [],
          "private": "eyJlMmJmYjczMC1lY2FhLTExZTYtOGY4OC0zNDM2M2JjN2M0YzAiOnsiY3JlYXRlIjo2MDAwMDAwMDAwMDAsImRlbGV0ZSI6NjAwMDAwMDAwMDAwLCJ1cGRhdGUiOjYwMDAwMDAwMDAwMH19",
          "dependencies": [
            "module.codepipeline-vpc.aws_security_group.private_sg",
            "module.codepipeline-vpc.aws_subnet.was_subnets",
            "module.codepipeline-vpc.aws_vpc.vpc"
          ]
        }
      ]
    },
    {
      "module": "module.codepipeline-vpc",
      "mode": "managed",
      "type": "aws_vpc_endpoint",
      "name": "ecr_endpoint_logs",
      "provider": "provider[\"registry.terraform.io/hashicorp/aws\"]",
      "instances": [
        {
          "index_key": 0,
          "schema_version": 0,
          "attributes": {
            "arn": "arn:aws:ec2:ap-northeast-2:182024812696:vpc-endpoint/vpce-0d364a0171e9516c0",
            "auto_accept": null,
            "cidr_blocks": [],
            "dns_entry": [
              {
                "dns_name": "vpce-0d364a0171e9516c0-ubw404vl.logs.ap-northeast-2.vpce.amazonaws.com",
                "hosted_zone_id": "Z27UANNT0PRK1T"
              },
              {
                "dns_name": "vpce-0d364a0171e9516c0-ubw404vl-ap-northeast-2a.logs.ap-northeast-2.vpce.amazonaws.com",
                "hosted_zone_id": "Z27UANNT0PRK1T"
              },
              {
                "dns_name": "vpce-0d364a0171e9516c0-ubw404vl-ap-northeast-2b.logs.ap-northeast-2.vpce.amazonaws.com",
                "hosted_zone_id": "Z27UANNT0PRK1T"
              },
              {
                "dns_name": "logs.ap-northeast-2.amazonaws.com",
                "hosted_zone_id": "Z01576322Y73HY9AL9HX6"
              },
              {
                "dns_name": "logs.ap-northeast-2.api.aws",
                "hosted_zone_id": "Z05838892164W46R90QY5"
              }
            ],
            "dns_options": [
              {
                "dns_record_ip_type": "ipv4",
                "private_dns_only_for_inbound_resolver_endpoint": false
              }
            ],
            "id": "vpce-0d364a0171e9516c0",
            "ip_address_type": "ipv4",
            "network_interface_ids": [
              "eni-0132b897c0988739b",
              "eni-0b9a30e2655a86069"
            ],
            "owner_id": "182024812696",
            "policy": "{\"Statement\":[{\"Action\":\"*\",\"Effect\":\"Allow\",\"Principal\":\"*\",\"Resource\":\"*\"}]}",
            "prefix_list_id": null,
            "private_dns_enabled": true,
            "requester_managed": false,
            "route_table_ids": [],
            "security_group_ids": [
              "sg-02636f0d8987416a2"
            ],
            "service_name": "com.amazonaws.ap-northeast-2.logs",
            "state": "available",
            "subnet_ids": [
              "subnet-04c51b0fc756e980c",
              "subnet-0b2dbd6951a96e739"
            ],
            "tags": {
              "Name": "cp-endpoint-ecr-logs"
            },
            "tags_all": {
              "Name": "cp-endpoint-ecr-logs"
            },
            "timeouts": null,
            "vpc_endpoint_type": "Interface",
            "vpc_id": "vpc-07ece8a72ca7e1e71"
          },
          "sensitive_attributes": [],
          "private": "eyJlMmJmYjczMC1lY2FhLTExZTYtOGY4OC0zNDM2M2JjN2M0YzAiOnsiY3JlYXRlIjo2MDAwMDAwMDAwMDAsImRlbGV0ZSI6NjAwMDAwMDAwMDAwLCJ1cGRhdGUiOjYwMDAwMDAwMDAwMH19",
          "dependencies": [
            "module.codepipeline-vpc.aws_security_group.private_sg",
            "module.codepipeline-vpc.aws_subnet.was_subnets",
            "module.codepipeline-vpc.aws_vpc.vpc"
          ]
        }
      ]
    },
    {
      "module": "module.codepipeline-vpc",
      "mode": "managed",
      "type": "aws_vpc_endpoint",
      "name": "endpoint_codepipeline",
      "provider": "provider[\"registry.terraform.io/hashicorp/aws\"]",
      "instances": [
        {
          "index_key": 0,
          "schema_version": 0,
          "attributes": {
            "arn": "arn:aws:ec2:ap-northeast-2:182024812696:vpc-endpoint/vpce-027e72ca8e50d0c73",
            "auto_accept": null,
            "cidr_blocks": [],
            "dns_entry": [
              {
                "dns_name": "vpce-027e72ca8e50d0c73-u1ufic13.codepipeline.ap-northeast-2.vpce.amazonaws.com",
                "hosted_zone_id": "Z27UANNT0PRK1T"
              },
              {
                "dns_name": "vpce-027e72ca8e50d0c73-u1ufic13-ap-northeast-2b.codepipeline.ap-northeast-2.vpce.amazonaws.com",
                "hosted_zone_id": "Z27UANNT0PRK1T"
              },
              {
                "dns_name": "vpce-027e72ca8e50d0c73-u1ufic13-ap-northeast-2a.codepipeline.ap-northeast-2.vpce.amazonaws.com",
                "hosted_zone_id": "Z27UANNT0PRK1T"
              },
              {
                "dns_name": "codepipeline.ap-northeast-2.amazonaws.com",
                "hosted_zone_id": "Z073534534OBKHJDXJ9PX"
              }
            ],
            "dns_options": [
              {
                "dns_record_ip_type": "ipv4",
                "private_dns_only_for_inbound_resolver_endpoint": false
              }
            ],
            "id": "vpce-027e72ca8e50d0c73",
            "ip_address_type": "ipv4",
            "network_interface_ids": [
              "eni-0036e51632d6dda91",
              "eni-0cb05be6aec739215"
            ],
            "owner_id": "182024812696",
            "policy": "{\"Statement\":[{\"Action\":\"*\",\"Effect\":\"Allow\",\"Principal\":\"*\",\"Resource\":\"*\"}]}",
            "prefix_list_id": null,
            "private_dns_enabled": true,
            "requester_managed": false,
            "route_table_ids": [],
            "security_group_ids": [
              "sg-02636f0d8987416a2"
            ],
            "service_name": "com.amazonaws.ap-northeast-2.codepipeline",
            "state": "available",
            "subnet_ids": [
              "subnet-04c51b0fc756e980c",
              "subnet-0b2dbd6951a96e739"
            ],
            "tags": {
              "Name": "cp-endpoint-codepipeline"
            },
            "tags_all": {
              "Name": "cp-endpoint-codepipeline"
            },
            "timeouts": null,
            "vpc_endpoint_type": "Interface",
            "vpc_id": "vpc-07ece8a72ca7e1e71"
          },
          "sensitive_attributes": [],
          "private": "eyJlMmJmYjczMC1lY2FhLTExZTYtOGY4OC0zNDM2M2JjN2M0YzAiOnsiY3JlYXRlIjo2MDAwMDAwMDAwMDAsImRlbGV0ZSI6NjAwMDAwMDAwMDAwLCJ1cGRhdGUiOjYwMDAwMDAwMDAwMH19",
          "dependencies": [
            "module.codepipeline-vpc.aws_security_group.private_sg",
            "module.codepipeline-vpc.aws_subnet.was_subnets",
            "module.codepipeline-vpc.aws_vpc.vpc"
          ]
        }
      ]
    },
    {
      "module": "module.codepipeline-vpc",
      "mode": "managed",
      "type": "aws_vpc_endpoint",
      "name": "vpce_s3",
      "provider": "provider[\"registry.terraform.io/hashicorp/aws\"]",
      "instances": [
        {
          "index_key": 0,
          "schema_version": 0,
          "attributes": {
            "arn": "arn:aws:ec2:ap-northeast-2:182024812696:vpc-endpoint/vpce-096400843c661ac76",
            "auto_accept": null,
            "cidr_blocks": [
              "52.219.202.0/23",
              "52.219.144.0/22",
              "52.219.204.0/22",
              "3.5.144.0/23",
              "3.5.140.0/22",
              "52.219.148.0/23",
              "52.219.60.0/23",
              "3.5.184.0/21",
              "52.219.56.0/22"
            ],
            "dns_entry": [],
            "dns_options": [],
            "id": "vpce-096400843c661ac76",
            "ip_address_type": "",
            "network_interface_ids": [],
            "owner_id": "182024812696",
            "policy": "{\"Statement\":[{\"Action\":\"*\",\"Effect\":\"Allow\",\"Principal\":\"*\",\"Resource\":\"*\"}],\"Version\":\"2008-10-17\"}",
            "prefix_list_id": "pl-78a54011",
            "private_dns_enabled": false,
            "requester_managed": false,
            "route_table_ids": [
              "rtb-047e83039ec8492af"
            ],
            "security_group_ids": [],
            "service_name": "com.amazonaws.ap-northeast-2.s3",
            "state": "available",
            "subnet_ids": [],
            "tags": {
              "Name": "cp-endpoint-s3"
            },
            "tags_all": {
              "Name": "cp-endpoint-s3"
            },
            "timeouts": null,
            "vpc_endpoint_type": "Gateway",
            "vpc_id": "vpc-07ece8a72ca7e1e71"
          },
          "sensitive_attributes": [],
          "private": "eyJlMmJmYjczMC1lY2FhLTExZTYtOGY4OC0zNDM2M2JjN2M0YzAiOnsiY3JlYXRlIjo2MDAwMDAwMDAwMDAsImRlbGV0ZSI6NjAwMDAwMDAwMDAwLCJ1cGRhdGUiOjYwMDAwMDAwMDAwMH19",
          "dependencies": [
            "module.codepipeline-vpc.aws_eip.nat_eip",
            "module.codepipeline-vpc.aws_nat_gateway.nat",
            "module.codepipeline-vpc.aws_route_table.private_route_table",
            "module.codepipeline-vpc.aws_subnet.webserver_subnets",
            "module.codepipeline-vpc.aws_vpc.vpc"
          ]
        }
      ]
    }
  ],
  "check_results": null
}
